
Microsoft Visual Studio Solution File, Format Version 12.00
# Visual Studio 14
VisualStudioVersion = 14.0.25123.0
MinimumVisualStudioVersion = 10.0.40219.1
Project("{FAE04EC0-301F-11D3-BF4B-00C04F79EFBC}") = "ContentSerializer", "ContentSerializer\ContentSerializer.csproj", "{D471FFB1-1CF2-487F-A729-60826BF41E85}"
EndProject
Project("{FAE04EC0-301F-11D3-BF4B-00C04F79EFBC}") = "LeagueLib", "LeagueLib\LeagueLib.csproj", "{356F8A8B-CF38-4DAA-8891-2BCDCB0DAF46}"
EndProject
Project("{FAE04EC0-301F-11D3-BF4B-00C04F79EFBC}") = "ContentSerializerTests", "ContentSerializerTests\ContentSerializerTests.csproj", "{3C7626A8-AAA5-46A9-A8A0-0BAE7E111032}"
EndProject
Global
	GlobalSection(SolutionConfigurationPlatforms) = preSolution
		Debug|Any CPU = Debug|Any CPU
		Release|Any CPU = Release|Any CPU
	EndGlobalSection
	GlobalSection(ProjectConfigurationPlatforms) = postSolution
		{D471FFB1-1CF2-487F-A729-60826BF41E85}.Debug|Any CPU.ActiveCfg = Debug|Any CPU
		{D471FFB1-1CF2-487F-A729-60826BF41E85}.Debug|Any CPU.Build.0 = Debug|Any CPU
		{D471FFB1-1CF2-487F-A729-60826BF41E85}.Release|Any CPU.ActiveCfg = Release|Any CPU
		{D471FFB1-1CF2-487F-A729-60826BF41E85}.Release|Any CPU.Build.0 = Release|Any CPU
		{356F8A8B-CF38-4DAA-8891-2BCDCB0DAF46}.Debug|Any CPU.ActiveCfg = Debug|Any CPU
		{356F8A8B-CF38-4DAA-8891-2BCDCB0DAF46}.Debug|Any CPU.Build.0 = Debug|Any CPU
		{356F8A8B-CF38-4DAA-8891-2BCDCB0DAF46}.Release|Any CPU.ActiveCfg = Release|Any CPU
		{356F8A8B-CF38-4DAA-8891-2BCDCB0DAF46}.Release|Any CPU.Build.0 = Release|Any CPU
		{3C7626A8-AAA5-46A9-A8A0-0BAE7E111032}.Debug|Any CPU.ActiveCfg = Debug|Any CPU
		{3C7626A8-AAA5-46A9-A8A0-0BAE7E111032}.Debug|Any CPU.Build.0 = Debug|Any CPU
		{3C7626A8-AAA5-46A9-A8A0-0BAE7E111032}.Release|Any CPU.ActiveCfg = Release|Any CPU
		{3C7626A8-AAA5-46A9-A8A0-0BAE7E111032}.Release|Any CPU.Build.0 = Release|Any CPU
	EndGlobalSection
	GlobalSection(SolutionProperties) = preSolution
		HideSolutionNode = FALSE
	EndGlobalSection
EndGlobal
